
Microsoft Visual Studio Solution File, Format Version 12.00
# Visual Studio Version 17
VisualStudioVersion = 17.13.35825.156 d17.13
MinimumVisualStudioVersion = 10.0.40219.1
Project("{FAE04EC0-301F-11D3-BF4B-00C04F79EFBC}") = "ConsoleApp1", "ConsoleApp1\ConsoleApp1.csproj", "{54E8E3FE-9FC3-493B-B6C9-255A024D0923}"
EndProject
Global
	GlobalSection(SolutionConfigurationPlatforms) = preSolution
		Debug|Any CPU = Debug|Any CPU
		Release|Any CPU = Release|Any CPU
	EndGlobalSection
	GlobalSection(ProjectConfigurationPlatforms) = postSolution
		{54E8E3FE-9FC3-493B-B6C9-255A024D0923}.Debug|Any CPU.ActiveCfg = Debug|Any CPU
		{54E8E3FE-9FC3-493B-B6C9-255A024D0923}.Debug|Any CPU.Build.0 = Debug|Any CPU
		{54E8E3FE-9FC3-493B-B6C9-255A024D0923}.Release|Any CPU.ActiveCfg = Release|Any CPU
		{54E8E3FE-9FC3-493B-B6C9-255A024D0923}.Release|Any CPU.Build.0 = Release|Any CPU
	EndGlobalSection
	GlobalSection(SolutionProperties) = preSolution
		HideSolutionNode = FALSE
	EndGlobalSection
	GlobalSection(ExtensibilityGlobals) = postSolution
		SolutionGuid = {0BF18363-04D6-4D7E-9707-ECC2CD378D42}
	EndGlobalSection
EndGlobal
